        "yaml": "2.8.2",
      "license": "Apache-2.0"
      "engines": [
        "node >=0.10.0"
      ],
      "license": "Apache-2.0"
      "license": "MIT"
      "peer": true,
    "node_modules/cssnano/node_modules/yaml": {
      "version": "1.10.2",
      "resolved": "https://registry.npmjs.org/yaml/-/yaml-1.10.2.tgz",
      "integrity": "sha512-r3vXyErRCYJ7wg28yvBY5VSoAF8ZvlcW9/BwUzEtUsjvX/DKs24dIkuwjtuprwJJHsbyUbLApepYTR1BN4uHrg==",
      "license": "ISC",
      "engines": {
        "node": ">= 6"
      }
    },
      "peer": true,
      "peer": true,
      "peer": true,
      "peer": true,
      "peer": true,
      "peer": true,
      "peer": true,
      "license": "MIT",
      "peer": true
      "license": "MIT"
    "node_modules/openapi3-ts/node_modules/yaml": {
      "version": "1.10.2",
      "resolved": "https://registry.npmjs.org/yaml/-/yaml-1.10.2.tgz",
      "integrity": "sha512-r3vXyErRCYJ7wg28yvBY5VSoAF8ZvlcW9/BwUzEtUsjvX/DKs24dIkuwjtuprwJJHsbyUbLApepYTR1BN4uHrg==",
      "dev": true,
      "license": "ISC",
      "engines": {
        "node": ">= 6"
      }
    },
      "license": "MIT"
      "integrity": "sha512-IZuWjlW7QsdxEGNnvpD6W+7iKCCQhnd5BvuNvMtirU7Nxm8WS2N6LPGMBz1ZYDuusG+GRZkoXXTNCdoAAGpCTg=="
      "version": "2.8.2",
      "resolved": "https://registry.npmjs.org/yaml/-/yaml-2.8.2.tgz",
      "integrity": "sha512-mplynKqc1C2hTVYxd0PU2xQAc22TI1vShAYGksCCfxbn/dFwnHTNi1bvYsBTkhdUNtGIf5xNOg938rrSSYvS9A==",
      "bin": {
        "yaml": "bin.mjs"
      },
        "node": ">= 14.6"
      },
      "funding": {
        "url": "https://github.com/sponsors/eemeli"
