      "version": "3.17.5",
      "resolved": "https://registry.npmjs.org/react-native-reanimated/-/react-native-reanimated-3.17.5.tgz",
      "integrity": "sha512-SxBK7wQfJ4UoWoJqQnmIC7ZjuNgVb9rcY5Xc67upXAFKftWg0rnkknTw6vgwnjRcvYThrjzUVti66XoZdDJGtw==",
        "@babel/plugin-transform-arrow-functions": "^7.0.0-0",
        "@babel/plugin-transform-class-properties": "^7.0.0-0",
        "@babel/plugin-transform-classes": "^7.0.0-0",
        "@babel/plugin-transform-nullish-coalescing-operator": "^7.0.0-0",
        "@babel/plugin-transform-optional-chaining": "^7.0.0-0",
        "@babel/plugin-transform-shorthand-properties": "^7.0.0-0",
        "@babel/plugin-transform-template-literals": "^7.0.0-0",
        "@babel/plugin-transform-unicode-regex": "^7.0.0-0",
        "@babel/preset-typescript": "^7.16.7",
        "convert-source-map": "^2.0.0",
        "invariant": "^2.2.4",
        "react-native-is-edge-to-edge": "1.1.7"
        "react-native": "*"
    "node_modules/react-native-reanimated/node_modules/react-native-is-edge-to-edge": {
      "version": "1.1.7",
      "resolved": "https://registry.npmjs.org/react-native-is-edge-to-edge/-/react-native-is-edge-to-edge-1.1.7.tgz",
      "integrity": "sha512-EH6i7E8epJGIcu7KpfXYXiV2JFIYITtq+rVS8uEb+92naMRBdxhTuS8Wn2Q7j9sqyO0B+Xbaaf9VdipIAmGW4w==",
      "license": "MIT",
      "peerDependencies": {
        "react": "*",
        "react-native": "*"
