        "@stripe/stripe-react-native": "^0.39.0",
    "node_modules/@stripe/stripe-react-native": {
      "version": "0.39.0",
      "resolved": "https://registry.npmjs.org/@stripe/stripe-react-native/-/stripe-react-native-0.39.0.tgz",
      "integrity": "sha512-KcsEQYsc3w2aGVVZ+jUKyuJiAkrWljEnomjcWaApVmthChXX46ComiSYM+n5uSPtkVnt7z2H4LfHVgdEzs627A==",
      "license": "MIT",
      "peerDependencies": {
        "expo": ">=46.0.9",
        "react": "*",
        "react-native": "*"
      },
      "peerDependenciesMeta": {
        "expo": {
          "optional": true
        }
      }
    },
